
Microsoft Visual Studio Solution File, Format Version 12.00
# Visual Studio 15
VisualStudioVersion = 15.0.28307.757
MinimumVisualStudioVersion = 10.0.40219.1
Project("{9A19103F-16F7-4668-BE54-9A1E7A4F7556}") = "Unip", "Unip\Unip.csproj", "{4E832C4B-2F6A-43DB-A06C-49134B367618}"
EndProject
Project("{FAE04EC0-301F-11D3-BF4B-00C04F79EFBC}") = "DLL", "DLL\DLL.csproj", "{192BAEC0-F294-4057-8D39-2E2BFD5B9870}"
EndProject
Global
	GlobalSection(SolutionConfigurationPlatforms) = preSolution
		Debug|Any CPU = Debug|Any CPU
		Release|Any CPU = Release|Any CPU
	EndGlobalSection
	GlobalSection(ProjectConfigurationPlatforms) = postSolution
		{4E832C4B-2F6A-43DB-A06C-49134B367618}.Debug|Any CPU.ActiveCfg = Debug|Any CPU
		{4E832C4B-2F6A-43DB-A06C-49134B367618}.Debug|Any CPU.Build.0 = Debug|Any CPU
		{4E832C4B-2F6A-43DB-A06C-49134B367618}.Release|Any CPU.ActiveCfg = Release|Any CPU
		{4E832C4B-2F6A-43DB-A06C-49134B367618}.Release|Any CPU.Build.0 = Release|Any CPU
		{192BAEC0-F294-4057-8D39-2E2BFD5B9870}.Debug|Any CPU.ActiveCfg = Debug|Any CPU
		{192BAEC0-F294-4057-8D39-2E2BFD5B9870}.Debug|Any CPU.Build.0 = Debug|Any CPU
		{192BAEC0-F294-4057-8D39-2E2BFD5B9870}.Release|Any CPU.ActiveCfg = Release|Any CPU
		{192BAEC0-F294-4057-8D39-2E2BFD5B9870}.Release|Any CPU.Build.0 = Release|Any CPU
	EndGlobalSection
	GlobalSection(SolutionProperties) = preSolution
		HideSolutionNode = FALSE
	EndGlobalSection
	GlobalSection(ExtensibilityGlobals) = postSolution
		SolutionGuid = {011964C3-0081-4544-AA2B-C5E7D7422D7D}
	EndGlobalSection
EndGlobal
